// !$*UTF8*$!
{
	archiveVersion = 1;
	classes = {
	};
	objectVersion = 48;
	objects = {

/* Begin PBXBuildFile section */
		D0483822205D52EB0006389C /* AppDelegate.swift in Sources */ = {isa = PBXBuildFile; fileRef = D0483821205D52EB0006389C /* AppDelegate.swift */; };
		D0483827205D52EB0006389C /* Main.storyboard in Resources */ = {isa = PBXBuildFile; fileRef = D0483825205D52EB0006389C /* Main.storyboard */; };
		D048382C205D52EB0006389C /* LaunchScreen.storyboard in Resources */ = {isa = PBXBuildFile; fileRef = D048382A205D52EB0006389C /* LaunchScreen.storyboard */; };
		D0483834205D52FE0006389C /* Globals.swift in Sources */ = {isa = PBXBuildFile; fileRef = D0483833205D52FE0006389C /* Globals.swift */; };
		D0483836205D53230006389C /* GalleryViewController.swift in Sources */ = {isa = PBXBuildFile; fileRef = D0483835205D53230006389C /* GalleryViewController.swift */; };
		D0483838205D53300006389C /* PaintingDetailViewController.swift in Sources */ = {isa = PBXBuildFile; fileRef = D0483837205D53300006389C /* PaintingDetailViewController.swift */; };
		D048383A205D53420006389C /* HomeViewController.swift in Sources */ = {isa = PBXBuildFile; fileRef = D0483839205D53420006389C /* HomeViewController.swift */; };
		D048383C205D53620006389C /* GalleryCollectionViewCell.swift in Sources */ = {isa = PBXBuildFile; fileRef = D048383B205D53620006389C /* GalleryCollectionViewCell.swift */; };
		D048383E205D53E10006389C /* Assets.xcassets in Resources */ = {isa = PBXBuildFile; fileRef = D048383D205D53E10006389C /* Assets.xcassets */; };
/* End PBXBuildFile section */

/* Begin PBXFileReference section */
		D048381E205D52EB0006389C /* Met Gallery.app */ = {isa = PBXFileReference; explicitFileType = wrapper.application; includeInIndex = 0; path = "Met Gallery.app"; sourceTree = BUILT_PRODUCTS_DIR; };
		D0483821205D52EB0006389C /* AppDelegate.swift */ = {isa = PBXFileReference; lastKnownFileType = sourcecode.swift; path = AppDelegate.swift; sourceTree = "<group>"; };
		D0483826205D52EB0006389C /* Base */ = {isa = PBXFileReference; lastKnownFileType = file.storyboard; name = Base; path = Base.lproj/Main.storyboard; sourceTree = "<group>"; };
		D048382B205D52EB0006389C /* Base */ = {isa = PBXFileReference; lastKnownFileType = file.storyboard; name = Base; path = Base.lproj/LaunchScreen.storyboard; sourceTree = "<group>"; };
		D048382D205D52EB0006389C /* Info.plist */ = {isa = PBXFileReference; lastKnownFileType = text.plist.xml; path = Info.plist; sourceTree = "<group>"; };
		D0483833205D52FE0006389C /* Globals.swift */ = {isa = PBXFileReference; lastKnownFileType = sourcecode.swift; path = Globals.swift; sourceTree = "<group>"; };
		D0483835205D53230006389C /* GalleryViewController.swift */ = {isa = PBXFileReference; lastKnownFileType = sourcecode.swift; path = GalleryViewController.swift; sourceTree = "<group>"; };
		D0483837205D53300006389C /* PaintingDetailViewController.swift */ = {isa = PBXFileReference; lastKnownFileType = sourcecode.swift; path = PaintingDetailViewController.swift; sourceTree = "<group>"; };
		D0483839205D53420006389C /* HomeViewController.swift */ = {isa = PBXFileReference; lastKnownFileType = sourcecode.swift; path = HomeViewController.swift; sourceTree = "<group>"; };
		D048383B205D53620006389C /* GalleryCollectionViewCell.swift */ = {isa = PBXFileReference; lastKnownFileType = sourcecode.swift; path = GalleryCollectionViewCell.swift; sourceTree = "<group>"; };
		D048383D205D53E10006389C /* Assets.xcassets */ = {isa = PBXFileReference; lastKnownFileType = folder.assetcatalog; name = Assets.xcassets; path = "../../../Downloads/iOS Dev Level 3 Class/Met Gallery Files/Met Gallery Done/Met Gallery/Assets.xcassets"; sourceTree = "<group>"; };
/* End PBXFileReference section */

/* Begin PBXFrameworksBuildPhase section */
		D048381B205D52EB0006389C /* Frameworks */ = {
			isa = PBXFrameworksBuildPhase;
			buildActionMask = 2147483647;
			files = (
			);
			runOnlyForDeploymentPostprocessing = 0;
		};
/* End PBXFrameworksBuildPhase section */

/* Begin PBXGroup section */
		D0483815205D52EB0006389C = {
			isa = PBXGroup;
			children = (
				D0483820205D52EB0006389C /* Met Gallery */,
				D048381F205D52EB0006389C /* Products */,
			);
			sourceTree = "<group>";
		};
		D048381F205D52EB0006389C /* Products */ = {
			isa = PBXGroup;
			children = (
				D048381E205D52EB0006389C /* Met Gallery.app */,
			);
			name = Products;
			sourceTree = "<group>";
		};
		D0483820205D52EB0006389C /* Met Gallery */ = {
			isa = PBXGroup;
			children = (
				D0483825205D52EB0006389C /* Main.storyboard */,
				D048382A205D52EB0006389C /* LaunchScreen.storyboard */,
				D0483821205D52EB0006389C /* AppDelegate.swift */,
				D048383B205D53620006389C /* GalleryCollectionViewCell.swift */,
				D0483835205D53230006389C /* GalleryViewController.swift */,
				D0483833205D52FE0006389C /* Globals.swift */,
				D0483839205D53420006389C /* HomeViewController.swift */,
				D0483837205D53300006389C /* PaintingDetailViewController.swift */,
				D048383D205D53E10006389C /* Assets.xcassets */,
				D048382D205D52EB0006389C /* Info.plist */,
			);
			path = "Met Gallery";
			sourceTree = "<group>";
		};
/* End PBXGroup section */

/* Begin PBXNativeTarget section */
		D048381D205D52EB0006389C /* Met Gallery */ = {
			isa = PBXNativeTarget;
			buildConfigurationList = D0483830205D52EB0006389C /* Build configuration list for PBXNativeTarget "Met Gallery" */;
			buildPhases = (
				D048381A205D52EB0006389C /* Sources */,
				D048381B205D52EB0006389C /* Frameworks */,
				D048381C205D52EB0006389C /* Resources */,
			);
			buildRules = (
			);
			dependencies = (
			);
			name = "Met Gallery";
			productName = "Met Gallery";
			productReference = D048381E205D52EB0006389C /* Met Gallery.app */;
			productType = "com.apple.product-type.application";
		};
/* End PBXNativeTarget section */

/* Begin PBXProject section */
		D0483816205D52EB0006389C /* Project object */ = {
			isa = PBXProject;
			attributes = {
				LastSwiftUpdateCheck = 0920;
				LastUpgradeCheck = 0920;
				ORGANIZATIONNAME = "Diane Korongy";
				TargetAttributes = {
					D048381D205D52EB0006389C = {
						CreatedOnToolsVersion = 9.2;
						ProvisioningStyle = Automatic;
					};
				};
			};
			buildConfigurationList = D0483819205D52EB0006389C /* Build configuration list for PBXProject "Met Gallery" */;
			compatibilityVersion = "Xcode 8.0";
			developmentRegion = en;
			hasScannedForEncodings = 0;
			knownRegions = (
				en,
				Base,
			);
			mainGroup = D0483815205D52EB0006389C;
			productRefGroup = D048381F205D52EB0006389C /* Products */;
			projectDirPath = "";
			projectRoot = "";
			targets = (
				D048381D205D52EB0006389C /* Met Gallery */,
			);
		};
/* End PBXProject section */

/* Begin PBXResourcesBuildPhase section */
		D048381C205D52EB0006389C /* Resources */ = {
			isa = PBXResourcesBuildPhase;
			buildActionMask = 2147483647;
			files = (
				D048382C205D52EB0006389C /* LaunchScreen.storyboard in Resources */,
				D048383E205D53E10006389C /* Assets.xcassets in Resources */,
				D0483827205D52EB0006389C /* Main.storyboard in Resources */,
			);
			runOnlyForDeploymentPostprocessing = 0;
		};
/* End PBXResourcesBuildPhase section */

/* Begin PBXSourcesBuildPhase section */
		D048381A205D52EB0006389C /* Sources */ = {
			isa = PBXSourcesBuildPhase;
			buildActionMask = 2147483647;
			files = (
				D0483838205D53300006389C /* PaintingDetailViewController.swift in Sources */,
				D0483836205D53230006389C /* GalleryViewController.swift in Sources */,
				D0483834205D52FE0006389C /* Globals.swift in Sources */,
				D0483822205D52EB0006389C /* AppDelegate.swift in Sources */,
				D048383C205D53620006389C /* GalleryCollectionViewCell.swift in Sources */,
				D048383A205D53420006389C /* HomeViewController.swift in Sources */,
			);
			runOnlyForDeploymentPostprocessing = 0;
		};
/* End PBXSourcesBuildPhase section */

/* Begin PBXVariantGroup section */
		D0483825205D52EB0006389C /* Main.storyboard */ = {
			isa = PBXVariantGroup;
			children = (
				D0483826205D52EB0006389C /* Base */,
			);
			name = Main.storyboard;
			sourceTree = "<group>";
		};
		D048382A205D52EB0006389C /* LaunchScreen.storyboard */ = {
			isa = PBXVariantGroup;
			children = (
				D048382B205D52EB0006389C /* Base */,
			);
			name = LaunchScreen.storyboard;
			sourceTree = "<group>";
		};
/* End PBXVariantGroup section */

/* Begin XCBuildConfiguration section */
		D048382E205D52EB0006389C /* Debug */ = {
			isa = XCBuildConfiguration;
			buildSettings = {
				ALWAYS_SEARCH_USER_PATHS = NO;
				CLANG_ANALYZER_NONNULL = YES;
				CLANG_ANALYZER_NUMBER_OBJECT_CONVERSION = YES_AGGRESSIVE;
				CLANG_CXX_LANGUAGE_STANDARD = "gnu++14";
				CLANG_CXX_LIBRARY = "libc++";
				CLANG_ENABLE_MODULES = YES;
				CLANG_ENABLE_OBJC_ARC = YES;
				CLANG_WARN_BLOCK_CAPTURE_AUTORELEASING = YES;
				CLANG_WARN_BOOL_CONVERSION = YES;
				CLANG_WARN_COMMA = YES;
				CLANG_WARN_CONSTANT_CONVERSION = YES;
				CLANG_WARN_DIRECT_OBJC_ISA_USAGE = YES_ERROR;
				CLANG_WARN_DOCUMENTATION_COMMENTS = YES;
				CLANG_WARN_EMPTY_BODY = YES;
				CLANG_WARN_ENUM_CONVERSION = YES;
				CLANG_WARN_INFINITE_RECURSION = YES;
				CLANG_WARN_INT_CONVERSION = YES;
				CLANG_WARN_NON_LITERAL_NULL_CONVERSION = YES;
				CLANG_WARN_OBJC_LITERAL_CONVERSION = YES;
				CLANG_WARN_OBJC_ROOT_CLASS = YES_ERROR;
				CLANG_WARN_RANGE_LOOP_ANALYSIS = YES;
				CLANG_WARN_STRICT_PROTOTYPES = YES;
				CLANG_WARN_SUSPICIOUS_MOVE = YES;
				CLANG_WARN_UNGUARDED_AVAILABILITY = YES_AGGRESSIVE;
				CLANG_WARN_UNREACHABLE_CODE = YES;
				CLANG_WARN__DUPLICATE_METHOD_MATCH = YES;
				CODE_SIGN_IDENTITY = "iPhone Developer";
				COPY_PHASE_STRIP = NO;
				DEBUG_INFORMATION_FORMAT = dwarf;
				ENABLE_STRICT_OBJC_MSGSEND = YES;
				ENABLE_TESTABILITY = YES;
				GCC_C_LANGUAGE_STANDARD = gnu11;
				GCC_DYNAMIC_NO_PIC = NO;
				GCC_NO_COMMON_BLOCKS = YES;
				GCC_OPTIMIZATION_LEVEL = 0;
				GCC_PREPROCESSOR_DEFINITIONS = (
					"DEBUG=1",
					"$(inherited)",
				);
				GCC_WARN_64_TO_32_BIT_CONVERSION = YES;
				GCC_WARN_ABOUT_RETURN_TYPE = YES_ERROR;
				GCC_WARN_UNDECLARED_SELECTOR = YES;
				GCC_WARN_UNINITIALIZED_AUTOS = YES_AGGRESSIVE;
				GCC_WARN_UNUSED_FUNCTION = YES;
				GCC_WARN_UNUSED_VARIABLE = YES;
				IPHONEOS_DEPLOYMENT_TARGET = 11.2;
				MTL_ENABLE_DEBUG_INFO = YES;
				ONLY_ACTIVE_ARCH = YES;
				SDKROOT = iphoneos;
				SWIFT_ACTIVE_COMPILATION_CONDITIONS = DEBUG;
				SWIFT_OPTIMIZATION_LEVEL = "-Onone";
			};
			name = Debug;
		};
		D048382F205D52EB0006389C /* Release */ = {
			isa = XCBuildConfiguration;
			buildSettings = {
				ALWAYS_SEARCH_USER_PATHS = NO;
				CLANG_ANALYZER_NONNULL = YES;
				CLANG_ANALYZER_NUMBER_OBJECT_CONVERSION = YES_AGGRESSIVE;
				CLANG_CXX_LANGUAGE_STANDARD = "gnu++14";
				CLANG_CXX_LIBRARY = "libc++";
				CLANG_ENABLE_MODULES = YES;
				CLANG_ENABLE_OBJC_ARC = YES;
				CLANG_WARN_BLOCK_CAPTURE_AUTORELEASING = YES;
				CLANG_WARN_BOOL_CONVERSION = YES;
				CLANG_WARN_COMMA = YES;
				CLANG_WARN_CONSTANT_CONVERSION = YES;
				CLANG_WARN_DIRECT_OBJC_ISA_USAGE = YES_ERROR;
				CLANG_WARN_DOCUMENTATION_COMMENTS = YES;
				CLANG_WARN_EMPTY_BODY = YES;
				CLANG_WARN_ENUM_CONVERSION = YES;
				CLANG_WARN_INFINITE_RECURSION = YES;
				CLANG_WARN_INT_CONVERSION = YES;
				CLANG_WARN_NON_LITERAL_NULL_CONVERSION = YES;
				CLANG_WARN_OBJC_LITERAL_CONVERSION = YES;
				CLANG_WARN_OBJC_ROOT_CLASS = YES_ERROR;
				CLANG_WARN_RANGE_LOOP_ANALYSIS = YES;
				CLANG_WARN_STRICT_PROTOTYPES = YES;
				CLANG_WARN_SUSPICIOUS_MOVE = YES;
				CLANG_WARN_UNGUARDED_AVAILABILITY = YES_AGGRESSIVE;
				CLANG_WARN_UNREACHABLE_CODE = YES;
				CLANG_WARN__DUPLICATE_METHOD_MATCH = YES;
				CODE_SIGN_IDENTITY = "iPhone Developer";
				COPY_PHASE_STRIP = NO;
				DEBUG_INFORMATION_FORMAT = "dwarf-with-dsym";
				ENABLE_NS_ASSERTIONS = NO;
				ENABLE_STRICT_OBJC_MSGSEND = YES;
				GCC_C_LANGUAGE_STANDARD = gnu11;
				GCC_NO_COMMON_BLOCKS = YES;
				GCC_WARN_64_TO_32_BIT_CONVERSION = YES;
				GCC_WARN_ABOUT_RETURN_TYPE = YES_ERROR;
				GCC_WARN_UNDECLARED_SELECTOR = YES;
				GCC_WARN_UNINITIALIZED_AUTOS = YES_AGGRESSIVE;
				GCC_WARN_UNUSED_FUNCTION = YES;
				GCC_WARN_UNUSED_VARIABLE = YES;
				IPHONEOS_DEPLOYMENT_TARGET = 11.2;
				MTL_ENABLE_DEBUG_INFO = NO;
				SDKROOT = iphoneos;
				SWIFT_OPTIMIZATION_LEVEL = "-Owholemodule";
				VALIDATE_PRODUCT = YES;
			};
			name = Release;
		};
		D0483831205D52EB0006389C /* Debug */ = {
			isa = XCBuildConfiguration;
			buildSettings = {
				ASSETCATALOG_COMPILER_APPICON_NAME = AppIcon;
				CODE_SIGN_STYLE = Automatic;
				DEVELOPMENT_TEAM = 9FZ389MTN2;
				INFOPLIST_FILE = "Met Gallery/Info.plist";
				LD_RUNPATH_SEARCH_PATHS = "$(inherited) @executable_path/Frameworks";
				PRODUCT_BUNDLE_IDENTIFIER = "com.DianeKorongy.Met-Gallery";
				PRODUCT_NAME = "$(TARGET_NAME)";
				SWIFT_VERSION = 4.0;
				TARGETED_DEVICE_FAMILY = "1,2";
			};
			name = Debug;
		};
		D0483832205D52EB0006389C /* Release */ = {
			isa = XCBuildConfiguration;
			buildSettings = {
				ASSETCATALOG_COMPILER_APPICON_NAME = AppIcon;
				CODE_SIGN_STYLE = Automatic;
				DEVELOPMENT_TEAM = 9FZ389MTN2;
				INFOPLIST_FILE = "Met Gallery/Info.plist";
				LD_RUNPATH_SEARCH_PATHS = "$(inherited) @executable_path/Frameworks";
				PRODUCT_BUNDLE_IDENTIFIER = "com.DianeKorongy.Met-Gallery";
				PRODUCT_NAME = "$(TARGET_NAME)";
				SWIFT_VERSION = 4.0;
				TARGETED_DEVICE_FAMILY = "1,2";
			};
			name = Release;
		};
/* End XCBuildConfiguration section */

/* Begin XCConfigurationList section */
		D0483819205D52EB0006389C /* Build configuration list for PBXProject "Met Gallery" */ = {
			isa = XCConfigurationList;
			buildConfigurations = (
				D048382E205D52EB0006389C /* Debug */,
				D048382F205D52EB0006389C /* Release */,
			);
			defaultConfigurationIsVisible = 0;
			defaultConfigurationName = Release;
		};
		D0483830205D52EB0006389C /* Build configuration list for PBXNativeTarget "Met Gallery" */ = {
			isa = XCConfigurationList;
			buildConfigurations = (
				D0483831205D52EB0006389C /* Debug */,
				D0483832205D52EB0006389C /* Release */,
			);
			defaultConfigurationIsVisible = 0;
			defaultConfigurationName = Release;
		};
/* End XCConfigurationList section */
	};
	rootObject = D0483816205D52EB0006389C /* Project object */;
}
